
Microsoft Visual Studio Solution File, Format Version 12.00
# Visual Studio Version 17
VisualStudioVersion = 17.3.32811.315
MinimumVisualStudioVersion = 10.0.40219.1
Project("{FAE04EC0-301F-11D3-BF4B-00C04F79EFBC}") = "EFCoreTraining", "EFCoreTraining\EFCoreTraining.csproj", "{C424784D-E54C-45F0-B11D-FB8F32DF96E1}"
EndProject
Project("{FAE04EC0-301F-11D3-BF4B-00C04F79EFBC}") = "Domain", "Domain\Domain.csproj", "{6EC588C2-3E9F-4547-9161-09E060939F65}"
EndProject
Project("{FAE04EC0-301F-11D3-BF4B-00C04F79EFBC}") = "Persistence", "Persistence\Persistence.csproj", "{542BA646-22DE-4FB7-9FFC-1DF0EEC969F2}"
EndProject
Global
	GlobalSection(SolutionConfigurationPlatforms) = preSolution
		Debug|Any CPU = Debug|Any CPU
		Release|Any CPU = Release|Any CPU
	EndGlobalSection
	GlobalSection(ProjectConfigurationPlatforms) = postSolution
		{C424784D-E54C-45F0-B11D-FB8F32DF96E1}.Debug|Any CPU.ActiveCfg = Debug|Any CPU
		{C424784D-E54C-45F0-B11D-FB8F32DF96E1}.Debug|Any CPU.Build.0 = Debug|Any CPU
		{C424784D-E54C-45F0-B11D-FB8F32DF96E1}.Release|Any CPU.ActiveCfg = Release|Any CPU
		{C424784D-E54C-45F0-B11D-FB8F32DF96E1}.Release|Any CPU.Build.0 = Release|Any CPU
		{6EC588C2-3E9F-4547-9161-09E060939F65}.Debug|Any CPU.ActiveCfg = Debug|Any CPU
		{6EC588C2-3E9F-4547-9161-09E060939F65}.Debug|Any CPU.Build.0 = Debug|Any CPU
		{6EC588C2-3E9F-4547-9161-09E060939F65}.Release|Any CPU.ActiveCfg = Release|Any CPU
		{6EC588C2-3E9F-4547-9161-09E060939F65}.Release|Any CPU.Build.0 = Release|Any CPU
		{542BA646-22DE-4FB7-9FFC-1DF0EEC969F2}.Debug|Any CPU.ActiveCfg = Debug|Any CPU
		{542BA646-22DE-4FB7-9FFC-1DF0EEC969F2}.Debug|Any CPU.Build.0 = Debug|Any CPU
		{542BA646-22DE-4FB7-9FFC-1DF0EEC969F2}.Release|Any CPU.ActiveCfg = Release|Any CPU
		{542BA646-22DE-4FB7-9FFC-1DF0EEC969F2}.Release|Any CPU.Build.0 = Release|Any CPU
	EndGlobalSection
	GlobalSection(SolutionProperties) = preSolution
		HideSolutionNode = FALSE
	EndGlobalSection
	GlobalSection(ExtensibilityGlobals) = postSolution
		SolutionGuid = {1B34EEDE-81BD-46D3-826A-9BEBDE419391}
	EndGlobalSection
EndGlobal
